
Microsoft Visual Studio Solution File, Format Version 12.00
# Visual Studio Version 17
VisualStudioVersion = 17.0.31903.59
MinimumVisualStudioVersion = 10.0.40219.1
Project("{2150E333-8FDC-42A3-9474-1A3956D46DE8}") = "Api.Application", "Api.Application", "{7C8C418E-DA64-826B-FC44-19C8E6950DF3}"
EndProject
Project("{FAE04EC0-301F-11D3-BF4B-00C04F79EFBC}") = "application", "Api.Application\application.csproj", "{61870A82-65BB-443B-A47F-A695BE8A90C6}"
EndProject
Project("{2150E333-8FDC-42A3-9474-1A3956D46DE8}") = "Api.Domain", "Api.Domain", "{B074FEE8-4E10-0031-71FF-49F4345BFDDF}"
EndProject
Project("{FAE04EC0-301F-11D3-BF4B-00C04F79EFBC}") = "Domain", "Api.Domain\Domain.csproj", "{D4F89431-2EAB-4C00-B5C5-6A280F15395D}"
EndProject
Project("{2150E333-8FDC-42A3-9474-1A3956D46DE8}") = "Api.CrossCutting", "Api.CrossCutting", "{F22AA972-3027-63FD-3903-780424A49BCB}"
EndProject
Project("{FAE04EC0-301F-11D3-BF4B-00C04F79EFBC}") = "CrossCutting", "Api.CrossCutting\CrossCutting.csproj", "{5C4C23F3-F05D-4B83-A633-CED77944AA5C}"
EndProject
Project("{2150E333-8FDC-42A3-9474-1A3956D46DE8}") = "Api.Data", "Api.Data", "{99CA9964-E9DD-35A6-DC82-4979CFE35996}"
EndProject
Project("{FAE04EC0-301F-11D3-BF4B-00C04F79EFBC}") = "Data", "Api.Data\Data.csproj", "{297D8BB9-A747-4556-8AE2-96A19B393F8C}"
EndProject
Project("{2150E333-8FDC-42A3-9474-1A3956D46DE8}") = "Api.Service", "Api.Service", "{8DE91230-3589-0265-9CAA-E66F8B5A7CFA}"
EndProject
Project("{FAE04EC0-301F-11D3-BF4B-00C04F79EFBC}") = "Service", "Api.Service\Service.csproj", "{87014359-BB25-437A-B9C6-35089505762C}"
EndProject
Project("{FAE04EC0-301F-11D3-BF4B-00C04F79EFBC}") = "Api.Data.Test", "Api.Data.Test\Api.Data.Test.csproj", "{A08AAD07-EF15-4432-AE65-ACAA6ADA8C63}"
EndProject
Project("{FAE04EC0-301F-11D3-BF4B-00C04F79EFBC}") = "Api.Service.Test", "Api.Service.Test\Api.Service.Test.csproj", "{CEAC9129-E93D-4075-9B1E-DAE37969830E}"
EndProject
Project("{FAE04EC0-301F-11D3-BF4B-00C04F79EFBC}") = "Api.Application.Test", "Api.Application.Test\Api.Application.Test.csproj", "{B4D1AB72-5398-46A4-A730-4E16A63CEA47}"
EndProject
Project("{FAE04EC0-301F-11D3-BF4B-00C04F79EFBC}") = "Api.Integration.Test", "Api.Integration.Test\Api.Integration.Test.csproj", "{AE18A644-FAFE-4FBC-9610-5133E4A302EF}"
EndProject
Global
	GlobalSection(SolutionConfigurationPlatforms) = preSolution
		Debug|Any CPU = Debug|Any CPU
		Debug|x64 = Debug|x64
		Debug|x86 = Debug|x86
		Release|Any CPU = Release|Any CPU
		Release|x64 = Release|x64
		Release|x86 = Release|x86
	EndGlobalSection
	GlobalSection(ProjectConfigurationPlatforms) = postSolution
		{61870A82-65BB-443B-A47F-A695BE8A90C6}.Debug|Any CPU.ActiveCfg = Debug|Any CPU
		{61870A82-65BB-443B-A47F-A695BE8A90C6}.Debug|Any CPU.Build.0 = Debug|Any CPU
		{61870A82-65BB-443B-A47F-A695BE8A90C6}.Debug|x64.ActiveCfg = Debug|Any CPU
		{61870A82-65BB-443B-A47F-A695BE8A90C6}.Debug|x64.Build.0 = Debug|Any CPU
		{61870A82-65BB-443B-A47F-A695BE8A90C6}.Debug|x86.ActiveCfg = Debug|Any CPU
		{61870A82-65BB-443B-A47F-A695BE8A90C6}.Debug|x86.Build.0 = Debug|Any CPU
		{61870A82-65BB-443B-A47F-A695BE8A90C6}.Release|Any CPU.ActiveCfg = Release|Any CPU
		{61870A82-65BB-443B-A47F-A695BE8A90C6}.Release|Any CPU.Build.0 = Release|Any CPU
		{61870A82-65BB-443B-A47F-A695BE8A90C6}.Release|x64.ActiveCfg = Release|Any CPU
		{61870A82-65BB-443B-A47F-A695BE8A90C6}.Release|x64.Build.0 = Release|Any CPU
		{61870A82-65BB-443B-A47F-A695BE8A90C6}.Release|x86.ActiveCfg = Release|Any CPU
		{61870A82-65BB-443B-A47F-A695BE8A90C6}.Release|x86.Build.0 = Release|Any CPU
		{D4F89431-2EAB-4C00-B5C5-6A280F15395D}.Debug|Any CPU.ActiveCfg = Debug|Any CPU
		{D4F89431-2EAB-4C00-B5C5-6A280F15395D}.Debug|Any CPU.Build.0 = Debug|Any CPU
		{D4F89431-2EAB-4C00-B5C5-6A280F15395D}.Debug|x64.ActiveCfg = Debug|Any CPU
		{D4F89431-2EAB-4C00-B5C5-6A280F15395D}.Debug|x64.Build.0 = Debug|Any CPU
		{D4F89431-2EAB-4C00-B5C5-6A280F15395D}.Debug|x86.ActiveCfg = Debug|Any CPU
		{D4F89431-2EAB-4C00-B5C5-6A280F15395D}.Debug|x86.Build.0 = Debug|Any CPU
		{D4F89431-2EAB-4C00-B5C5-6A280F15395D}.Release|Any CPU.ActiveCfg = Release|Any CPU
		{D4F89431-2EAB-4C00-B5C5-6A280F15395D}.Release|Any CPU.Build.0 = Release|Any CPU
		{D4F89431-2EAB-4C00-B5C5-6A280F15395D}.Release|x64.ActiveCfg = Release|Any CPU
		{D4F89431-2EAB-4C00-B5C5-6A280F15395D}.Release|x64.Build.0 = Release|Any CPU
		{D4F89431-2EAB-4C00-B5C5-6A280F15395D}.Release|x86.ActiveCfg = Release|Any CPU
		{D4F89431-2EAB-4C00-B5C5-6A280F15395D}.Release|x86.Build.0 = Release|Any CPU
		{5C4C23F3-F05D-4B83-A633-CED77944AA5C}.Debug|Any CPU.ActiveCfg = Debug|Any CPU
		{5C4C23F3-F05D-4B83-A633-CED77944AA5C}.Debug|Any CPU.Build.0 = Debug|Any CPU
		{5C4C23F3-F05D-4B83-A633-CED77944AA5C}.Debug|x64.ActiveCfg = Debug|Any CPU
		{5C4C23F3-F05D-4B83-A633-CED77944AA5C}.Debug|x64.Build.0 = Debug|Any CPU
		{5C4C23F3-F05D-4B83-A633-CED77944AA5C}.Debug|x86.ActiveCfg = Debug|Any CPU
		{5C4C23F3-F05D-4B83-A633-CED77944AA5C}.Debug|x86.Build.0 = Debug|Any CPU
		{5C4C23F3-F05D-4B83-A633-CED77944AA5C}.Release|Any CPU.ActiveCfg = Release|Any CPU
		{5C4C23F3-F05D-4B83-A633-CED77944AA5C}.Release|Any CPU.Build.0 = Release|Any CPU
		{5C4C23F3-F05D-4B83-A633-CED77944AA5C}.Release|x64.ActiveCfg = Release|Any CPU
		{5C4C23F3-F05D-4B83-A633-CED77944AA5C}.Release|x64.Build.0 = Release|Any CPU
		{5C4C23F3-F05D-4B83-A633-CED77944AA5C}.Release|x86.ActiveCfg = Release|Any CPU
		{5C4C23F3-F05D-4B83-A633-CED77944AA5C}.Release|x86.Build.0 = Release|Any CPU
		{297D8BB9-A747-4556-8AE2-96A19B393F8C}.Debug|Any CPU.ActiveCfg = Debug|Any CPU
		{297D8BB9-A747-4556-8AE2-96A19B393F8C}.Debug|Any CPU.Build.0 = Debug|Any CPU
		{297D8BB9-A747-4556-8AE2-96A19B393F8C}.Debug|x64.ActiveCfg = Debug|Any CPU
		{297D8BB9-A747-4556-8AE2-96A19B393F8C}.Debug|x64.Build.0 = Debug|Any CPU
		{297D8BB9-A747-4556-8AE2-96A19B393F8C}.Debug|x86.ActiveCfg = Debug|Any CPU
		{297D8BB9-A747-4556-8AE2-96A19B393F8C}.Debug|x86.Build.0 = Debug|Any CPU
		{297D8BB9-A747-4556-8AE2-96A19B393F8C}.Release|Any CPU.ActiveCfg = Release|Any CPU
		{297D8BB9-A747-4556-8AE2-96A19B393F8C}.Release|Any CPU.Build.0 = Release|Any CPU
		{297D8BB9-A747-4556-8AE2-96A19B393F8C}.Release|x64.ActiveCfg = Release|Any CPU
		{297D8BB9-A747-4556-8AE2-96A19B393F8C}.Release|x64.Build.0 = Release|Any CPU
		{297D8BB9-A747-4556-8AE2-96A19B393F8C}.Release|x86.ActiveCfg = Release|Any CPU
		{297D8BB9-A747-4556-8AE2-96A19B393F8C}.Release|x86.Build.0 = Release|Any CPU
		{87014359-BB25-437A-B9C6-35089505762C}.Debug|Any CPU.ActiveCfg = Debug|Any CPU
		{87014359-BB25-437A-B9C6-35089505762C}.Debug|Any CPU.Build.0 = Debug|Any CPU
		{87014359-BB25-437A-B9C6-35089505762C}.Debug|x64.ActiveCfg = Debug|Any CPU
		{87014359-BB25-437A-B9C6-35089505762C}.Debug|x64.Build.0 = Debug|Any CPU
		{87014359-BB25-437A-B9C6-35089505762C}.Debug|x86.ActiveCfg = Debug|Any CPU
		{87014359-BB25-437A-B9C6-35089505762C}.Debug|x86.Build.0 = Debug|Any CPU
		{87014359-BB25-437A-B9C6-35089505762C}.Release|Any CPU.ActiveCfg = Release|Any CPU
		{87014359-BB25-437A-B9C6-35089505762C}.Release|Any CPU.Build.0 = Release|Any CPU
		{87014359-BB25-437A-B9C6-35089505762C}.Release|x64.ActiveCfg = Release|Any CPU
		{87014359-BB25-437A-B9C6-35089505762C}.Release|x64.Build.0 = Release|Any CPU
		{87014359-BB25-437A-B9C6-35089505762C}.Release|x86.ActiveCfg = Release|Any CPU
		{87014359-BB25-437A-B9C6-35089505762C}.Release|x86.Build.0 = Release|Any CPU
		{A08AAD07-EF15-4432-AE65-ACAA6ADA8C63}.Debug|Any CPU.ActiveCfg = Debug|Any CPU
		{A08AAD07-EF15-4432-AE65-ACAA6ADA8C63}.Debug|Any CPU.Build.0 = Debug|Any CPU
		{A08AAD07-EF15-4432-AE65-ACAA6ADA8C63}.Debug|x64.ActiveCfg = Debug|Any CPU
		{A08AAD07-EF15-4432-AE65-ACAA6ADA8C63}.Debug|x64.Build.0 = Debug|Any CPU
		{A08AAD07-EF15-4432-AE65-ACAA6ADA8C63}.Debug|x86.ActiveCfg = Debug|Any CPU
		{A08AAD07-EF15-4432-AE65-ACAA6ADA8C63}.Debug|x86.Build.0 = Debug|Any CPU
		{A08AAD07-EF15-4432-AE65-ACAA6ADA8C63}.Release|Any CPU.ActiveCfg = Release|Any CPU
		{A08AAD07-EF15-4432-AE65-ACAA6ADA8C63}.Release|Any CPU.Build.0 = Release|Any CPU
		{A08AAD07-EF15-4432-AE65-ACAA6ADA8C63}.Release|x64.ActiveCfg = Release|Any CPU
		{A08AAD07-EF15-4432-AE65-ACAA6ADA8C63}.Release|x64.Build.0 = Release|Any CPU
		{A08AAD07-EF15-4432-AE65-ACAA6ADA8C63}.Release|x86.ActiveCfg = Release|Any CPU
		{A08AAD07-EF15-4432-AE65-ACAA6ADA8C63}.Release|x86.Build.0 = Release|Any CPU
		{CEAC9129-E93D-4075-9B1E-DAE37969830E}.Debug|Any CPU.ActiveCfg = Debug|Any CPU
		{CEAC9129-E93D-4075-9B1E-DAE37969830E}.Debug|Any CPU.Build.0 = Debug|Any CPU
		{CEAC9129-E93D-4075-9B1E-DAE37969830E}.Debug|x64.ActiveCfg = Debug|Any CPU
		{CEAC9129-E93D-4075-9B1E-DAE37969830E}.Debug|x64.Build.0 = Debug|Any CPU
		{CEAC9129-E93D-4075-9B1E-DAE37969830E}.Debug|x86.ActiveCfg = Debug|Any CPU
		{CEAC9129-E93D-4075-9B1E-DAE37969830E}.Debug|x86.Build.0 = Debug|Any CPU
		{CEAC9129-E93D-4075-9B1E-DAE37969830E}.Release|Any CPU.ActiveCfg = Release|Any CPU
		{CEAC9129-E93D-4075-9B1E-DAE37969830E}.Release|Any CPU.Build.0 = Release|Any CPU
		{CEAC9129-E93D-4075-9B1E-DAE37969830E}.Release|x64.ActiveCfg = Release|Any CPU
		{CEAC9129-E93D-4075-9B1E-DAE37969830E}.Release|x64.Build.0 = Release|Any CPU
		{CEAC9129-E93D-4075-9B1E-DAE37969830E}.Release|x86.ActiveCfg = Release|Any CPU
		{CEAC9129-E93D-4075-9B1E-DAE37969830E}.Release|x86.Build.0 = Release|Any CPU
		{B4D1AB72-5398-46A4-A730-4E16A63CEA47}.Debug|Any CPU.ActiveCfg = Debug|Any CPU
		{B4D1AB72-5398-46A4-A730-4E16A63CEA47}.Debug|Any CPU.Build.0 = Debug|Any CPU
		{B4D1AB72-5398-46A4-A730-4E16A63CEA47}.Debug|x64.ActiveCfg = Debug|Any CPU
		{B4D1AB72-5398-46A4-A730-4E16A63CEA47}.Debug|x64.Build.0 = Debug|Any CPU
		{B4D1AB72-5398-46A4-A730-4E16A63CEA47}.Debug|x86.ActiveCfg = Debug|Any CPU
		{B4D1AB72-5398-46A4-A730-4E16A63CEA47}.Debug|x86.Build.0 = Debug|Any CPU
		{B4D1AB72-5398-46A4-A730-4E16A63CEA47}.Release|Any CPU.ActiveCfg = Release|Any CPU
		{B4D1AB72-5398-46A4-A730-4E16A63CEA47}.Release|Any CPU.Build.0 = Release|Any CPU
		{B4D1AB72-5398-46A4-A730-4E16A63CEA47}.Release|x64.ActiveCfg = Release|Any CPU
		{B4D1AB72-5398-46A4-A730-4E16A63CEA47}.Release|x64.Build.0 = Release|Any CPU
		{B4D1AB72-5398-46A4-A730-4E16A63CEA47}.Release|x86.ActiveCfg = Release|Any CPU
		{B4D1AB72-5398-46A4-A730-4E16A63CEA47}.Release|x86.Build.0 = Release|Any CPU
		{AE18A644-FAFE-4FBC-9610-5133E4A302EF}.Debug|Any CPU.ActiveCfg = Debug|Any CPU
		{AE18A644-FAFE-4FBC-9610-5133E4A302EF}.Debug|Any CPU.Build.0 = Debug|Any CPU
		{AE18A644-FAFE-4FBC-9610-5133E4A302EF}.Debug|x64.ActiveCfg = Debug|Any CPU
		{AE18A644-FAFE-4FBC-9610-5133E4A302EF}.Debug|x64.Build.0 = Debug|Any CPU
		{AE18A644-FAFE-4FBC-9610-5133E4A302EF}.Debug|x86.ActiveCfg = Debug|Any CPU
		{AE18A644-FAFE-4FBC-9610-5133E4A302EF}.Debug|x86.Build.0 = Debug|Any CPU
		{AE18A644-FAFE-4FBC-9610-5133E4A302EF}.Release|Any CPU.ActiveCfg = Release|Any CPU
		{AE18A644-FAFE-4FBC-9610-5133E4A302EF}.Release|Any CPU.Build.0 = Release|Any CPU
		{AE18A644-FAFE-4FBC-9610-5133E4A302EF}.Release|x64.ActiveCfg = Release|Any CPU
		{AE18A644-FAFE-4FBC-9610-5133E4A302EF}.Release|x64.Build.0 = Release|Any CPU
		{AE18A644-FAFE-4FBC-9610-5133E4A302EF}.Release|x86.ActiveCfg = Release|Any CPU
		{AE18A644-FAFE-4FBC-9610-5133E4A302EF}.Release|x86.Build.0 = Release|Any CPU
	EndGlobalSection
	GlobalSection(SolutionProperties) = preSolution
		HideSolutionNode = FALSE
	EndGlobalSection
	GlobalSection(NestedProjects) = preSolution
		{61870A82-65BB-443B-A47F-A695BE8A90C6} = {7C8C418E-DA64-826B-FC44-19C8E6950DF3}
		{D4F89431-2EAB-4C00-B5C5-6A280F15395D} = {B074FEE8-4E10-0031-71FF-49F4345BFDDF}
		{5C4C23F3-F05D-4B83-A633-CED77944AA5C} = {F22AA972-3027-63FD-3903-780424A49BCB}
		{297D8BB9-A747-4556-8AE2-96A19B393F8C} = {99CA9964-E9DD-35A6-DC82-4979CFE35996}
		{87014359-BB25-437A-B9C6-35089505762C} = {8DE91230-3589-0265-9CAA-E66F8B5A7CFA}
	EndGlobalSection
EndGlobal
